#MicroXplorer Configuration settings - do not modify
File.Version=6
KeepUserPlacement=false
Mcu.Family=STM32L0
Mcu.IP0=NVIC
Mcu.IP1=RCC
Mcu.IP2=SPI1
Mcu.IP3=SYS
Mcu.IPNb=4
Mcu.Name=STM32L053R(6-8)Tx
Mcu.Package=LQFP64
Mcu.Pin0=PC13
Mcu.Pin1=PC14-OSC32_IN
Mcu.Pin10=PA4
Mcu.Pin11=PA5
Mcu.Pin12=PA6
Mcu.Pin13=PA7
Mcu.Pin14=PB0
Mcu.Pin15=PC7
Mcu.Pin16=PA8
Mcu.Pin17=PA13
Mcu.Pin18=PA14
Mcu.Pin19=PB3
Mcu.Pin2=PC15-OSC32_OUT
Mcu.Pin20=PB4
Mcu.Pin21=VP_SYS_VS_Systick
Mcu.Pin22=VP_STMicroelectronics.X-CUBE-SUBG2_VS_BoardOoExtensionJjS2915A1_4.0.0_4.2.0
Mcu.Pin23=VP_STMicroelectronics.X-CUBE-SUBG2_VS_DeviceJjApplication_4.2.0_4.2.0
Mcu.Pin3=PH0-OSC_IN
Mcu.Pin4=PH1-OSC_OUT
Mcu.Pin5=PC0
Mcu.Pin6=PA0
Mcu.Pin7=PA1
Mcu.Pin8=PA2
Mcu.Pin9=PA3
Mcu.PinsNb=24
Mcu.ThirdParty0=STMicroelectronics.X-CUBE-SUBG2.4.2.0
Mcu.ThirdPartyNb=1
Mcu.UserConstants=
Mcu.UserName=STM32L053R8Tx
MxCube.Version=6.3.0
MxDb.Version=DB.6.0.30
NVIC.EXTI0_1_IRQn=true\:0\:0\:false\:false\:true\:true\:true
NVIC.EXTI4_15_IRQn=true\:0\:0\:false\:false\:true\:true\:true
NVIC.ForceEnableDMAVector=true
NVIC.HardFault_IRQn=true\:0\:0\:false\:false\:true\:false\:false
NVIC.NonMaskableInt_IRQn=true\:0\:0\:false\:false\:true\:false\:false
NVIC.PendSV_IRQn=true\:0\:0\:false\:false\:true\:false\:false
NVIC.SPI1_IRQn=true\:0\:0\:false\:false\:true\:true\:true
NVIC.SVC_IRQn=true\:0\:0\:false\:false\:true\:false\:false
NVIC.SysTick_IRQn=true\:0\:0\:true\:false\:true\:true\:true
PA0.Locked=true
PA0.Signal=GPIO_Output
PA1.Locked=true
PA1.Signal=GPIO_Output
PA13.GPIOParameters=GPIO_Label
PA13.GPIO_Label=TMS
PA13.Locked=true
PA13.Mode=Serial_Wire
PA13.Signal=SYS_SWDIO
PA14.GPIOParameters=GPIO_Label
PA14.GPIO_Label=TCK
PA14.Locked=true
PA14.Mode=Serial_Wire
PA14.Signal=SYS_SWCLK
PA2.GPIOParameters=GPIO_Label
PA2.GPIO_Label=USART_TX
PA2.Locked=true
PA2.Signal=USART2_TX
PA3.GPIOParameters=GPIO_Label
PA3.GPIO_Label=USART_RX
PA3.Locked=true
PA3.Signal=USART2_RX
PA4.Locked=true
PA4.Signal=GPIO_Output
PA5.GPIOParameters=GPIO_Label
PA5.GPIO_Label=LD2 [Green Led]
PA5.Locked=true
PA5.Signal=GPIO_Output
PA6.Locked=true
PA6.Mode=Full_Duplex_Master
PA6.Signal=SPI1_MISO
PA7.Locked=true
PA7.Mode=Full_Duplex_Master
PA7.Signal=SPI1_MOSI
PA8.Locked=true
PA8.Signal=GPIO_Output
PB0.Locked=true
PB0.Signal=GPIO_Output
PB3.Locked=true
PB3.Mode=Full_Duplex_Master
PB3.Signal=SPI1_SCK
PB4.Locked=true
PB4.Signal=GPIO_Output
PC0.Locked=true
PC0.Signal=GPXTI0
PC13.GPIOParameters=GPIO_Label,GPIO_ModeDefaultEXTI
PC13.GPIO_Label=B1 [Blue PushButton]
PC13.GPIO_ModeDefaultEXTI=GPIO_MODE_IT_FALLING
PC13.Locked=true
PC13.Signal=GPXTI13
PC14-OSC32_IN.Locked=true
PC14-OSC32_IN.Mode=LSE-External-Oscillator
PC14-OSC32_IN.Signal=RCC_OSC32_IN
PC15-OSC32_OUT.Locked=true
PC15-OSC32_OUT.Mode=LSE-External-Oscillator
PC15-OSC32_OUT.Signal=RCC_OSC32_OUT
PC7.Locked=true
PC7.Signal=GPIO_Output
PH0-OSC_IN.Locked=true
PH0-OSC_IN.Mode=HSE-External-Clock-Source
PH0-OSC_IN.Signal=RCC_OSC_IN
PH1-OSC_OUT.Locked=true
PH1-OSC_OUT.Signal=RCC_OSC_OUT
PinOutPanel.RotationAngle=0
ProjectManager.AskForMigrate=true
ProjectManager.BackupPrevious=false
ProjectManager.CompilerOptimize=6
ProjectManager.ComputerToolchain=false
ProjectManager.CoupleFile=false
ProjectManager.CustomerFirmwarePackage=..\\..\\..\\..
ProjectManager.DefaultFWLocation=false
ProjectManager.DeletePrevious=true
ProjectManager.DeviceId=STM32L053R8Tx
ProjectManager.FreePins=false
ProjectManager.HalAssertFull=false
ProjectManager.HeapSize=0x200
ProjectManager.KeepUserCode=true
ProjectManager.LastFirmware=true
ProjectManager.LibraryCopy=2
ProjectManager.MainLocation=Src
ProjectManager.NoMain=false
ProjectManager.PreviousToolchain=
ProjectManager.ProjectBuild=false
ProjectManager.ProjectFileName=S2915A1_P2P.ioc
ProjectManager.ProjectName=S2915A1_P2P
ProjectManager.RegisterCallBack=
ProjectManager.StackSize=0x400
ProjectManager.TargetToolchain=EWARM V8.32
ProjectManager.ToolChainLocation=
ProjectManager.UnderRoot=false
ProjectManager.functionlistsort=1-MX_GPIO_Init-GPIO-false-HAL-true,2-SystemClock_Config-RCC-false-HAL-false,3-MX_X_CUBE_SUBG2_Init-STMicroelectronics.X-CUBE-SUBG2.4.2.0-false-HAL-false,4-MX_X_CUBE_SUBG2_Process-STMicroelectronics.X-CUBE-SUBG2.4.2.0-false-HAL-false
RCC.48CLKFreq_Value=24000000
RCC.AHBFreq_Value=2097000
RCC.APB1Freq_Value=2097000
RCC.APB1TimFreq_Value=2097000
RCC.APB2Freq_Value=2097000
RCC.APB2TimFreq_Value=2097000
RCC.FamilyName=M
RCC.HSE_VALUE=8000000
RCC.HSI16_VALUE=16000000
RCC.HSI48_VALUE=48000000
RCC.HSI_VALUE=16000000
RCC.I2C1Freq_Value=2097000
RCC.IPParameters=48CLKFreq_Value,AHBFreq_Value,APB1Freq_Value,APB1TimFreq_Value,APB2Freq_Value,APB2TimFreq_Value,FamilyName,HSE_VALUE,HSI16_VALUE,HSI48_VALUE,HSI_VALUE,I2C1Freq_Value,LCDFreq_Value,LPTIMFreq_Value,LPUARTFreq_Value,LSI_VALUE,MSI_VALUE,PLLCLKFreq_Value,PWRFreq_Value,RTCFreq_Value,RTCHSEDivFreq_Value,SYSCLKFreq_VALUE,TIMFreq_Value,USART1Freq_Value,USART2Freq_Value,VCOOutputFreq_Value,WatchDogFreq_Value
RCC.LCDFreq_Value=37000
RCC.LPTIMFreq_Value=2097000
RCC.LPUARTFreq_Value=2097000
RCC.LSI_VALUE=37000
RCC.MSI_VALUE=2097000
RCC.PLLCLKFreq_Value=24000000
RCC.PWRFreq_Value=2097000
RCC.RTCFreq_Value=37000
RCC.RTCHSEDivFreq_Value=4000000
RCC.SYSCLKFreq_VALUE=2097000
RCC.TIMFreq_Value=2097000
RCC.USART1Freq_Value=2097000
RCC.USART2Freq_Value=2097000
RCC.VCOOutputFreq_Value=48000000
RCC.WatchDogFreq_Value=37000
SH.GPXTI0.0=GPIO_EXTI0
SH.GPXTI0.ConfNb=1
SH.GPXTI13.0=GPIO_EXTI13
SH.GPXTI13.ConfNb=1
SPI1.BaudRatePrescaler=SPI_BAUDRATEPRESCALER_2
SPI1.CalculateBaudRate=1.0485 MBits/s
SPI1.Direction=SPI_DIRECTION_2LINES
SPI1.IPParameters=BaudRatePrescaler,VirtualType,Mode,Direction,CalculateBaudRate
SPI1.Mode=SPI_MODE_MASTER
SPI1.VirtualType=VM_MASTER
STMicroelectronics.X-CUBE-SUBG2.4.2.0.ApplicationCcDeviceJjApplication=S2915A1IiP2P
STMicroelectronics.X-CUBE-SUBG2.4.2.0.BSP.number=11
STMicroelectronics.X-CUBE-SUBG2.4.2.0.BoardOoExtensionJjS2915A1=true
STMicroelectronics.X-CUBE-SUBG2.4.2.0.BoardOoExtensionJjS2915A1_Checked=true
STMicroelectronics.X-CUBE-SUBG2.4.2.0.DeviceJjApplication_Checked=true
STMicroelectronics.X-CUBE-SUBG2.4.2.0.IPParameters=BoardOoExtensionJjS2915A1,ApplicationCcDeviceJjApplication
STMicroelectronics.X-CUBE-SUBG2.4.2.00.BSP.STBoard=false
STMicroelectronics.X-CUBE-SUBG2.4.2.00.BSP.api=Unknown
STMicroelectronics.X-CUBE-SUBG2.4.2.00.BSP.component=
STMicroelectronics.X-CUBE-SUBG2.4.2.00.BSP.condition=SEMBoardOoExtensionJjS2915A1
STMicroelectronics.X-CUBE-SUBG2.4.2.00.BSP.i2caddr=0
STMicroelectronics.X-CUBE-SUBG2.4.2.00.BSP.i2creg=
STMicroelectronics.X-CUBE-SUBG2.4.2.00.BSP.instance=PA0
STMicroelectronics.X-CUBE-SUBG2.4.2.00.BSP.ip=GPIO
STMicroelectronics.X-CUBE-SUBG2.4.2.00.BSP.mode=Output
STMicroelectronics.X-CUBE-SUBG2.4.2.00.BSP.name=S2915A1_PA_CSD
STMicroelectronics.X-CUBE-SUBG2.4.2.00.BSP.semaphore=
STMicroelectronics.X-CUBE-SUBG2.4.2.00.BSP.solution=PA0
STMicroelectronics.X-CUBE-SUBG2.4.2.01.BSP.STBoard=false
STMicroelectronics.X-CUBE-SUBG2.4.2.01.BSP.api=Unknown
STMicroelectronics.X-CUBE-SUBG2.4.2.01.BSP.component=
STMicroelectronics.X-CUBE-SUBG2.4.2.01.BSP.condition=SEMBoardOoExtensionJjS2915A1
STMicroelectronics.X-CUBE-SUBG2.4.2.01.BSP.i2caddr=0
STMicroelectronics.X-CUBE-SUBG2.4.2.01.BSP.i2creg=
STMicroelectronics.X-CUBE-SUBG2.4.2.01.BSP.instance=PC7
STMicroelectronics.X-CUBE-SUBG2.4.2.01.BSP.ip=GPIO
STMicroelectronics.X-CUBE-SUBG2.4.2.01.BSP.mode=Output
STMicroelectronics.X-CUBE-SUBG2.4.2.01.BSP.name=S2915A1_LED
STMicroelectronics.X-CUBE-SUBG2.4.2.01.BSP.semaphore=
STMicroelectronics.X-CUBE-SUBG2.4.2.01.BSP.solution=PC7
STMicroelectronics.X-CUBE-SUBG2.4.2.010.BSP.STBoard=false
STMicroelectronics.X-CUBE-SUBG2.4.2.010.BSP.api=Unknown
STMicroelectronics.X-CUBE-SUBG2.4.2.010.BSP.component=
STMicroelectronics.X-CUBE-SUBG2.4.2.010.BSP.condition=SEMBoardOoExtensionJjS2915A1
STMicroelectronics.X-CUBE-SUBG2.4.2.010.BSP.i2caddr=0
STMicroelectronics.X-CUBE-SUBG2.4.2.010.BSP.i2creg=
STMicroelectronics.X-CUBE-SUBG2.4.2.010.BSP.instance=PB4
STMicroelectronics.X-CUBE-SUBG2.4.2.010.BSP.ip=GPIO
STMicroelectronics.X-CUBE-SUBG2.4.2.010.BSP.mode=Output
STMicroelectronics.X-CUBE-SUBG2.4.2.010.BSP.name=S2915A1_EEPROM_CS
STMicroelectronics.X-CUBE-SUBG2.4.2.010.BSP.semaphore=
STMicroelectronics.X-CUBE-SUBG2.4.2.010.BSP.solution=PB4
STMicroelectronics.X-CUBE-SUBG2.4.2.02.BSP.STBoard=false
STMicroelectronics.X-CUBE-SUBG2.4.2.02.BSP.api=HAL_EXTI_DRIVER
STMicroelectronics.X-CUBE-SUBG2.4.2.02.BSP.component=
STMicroelectronics.X-CUBE-SUBG2.4.2.02.BSP.condition=SEMBoardOoExtensionJjS2915A1
STMicroelectronics.X-CUBE-SUBG2.4.2.02.BSP.i2caddr=0
STMicroelectronics.X-CUBE-SUBG2.4.2.02.BSP.i2creg=
STMicroelectronics.X-CUBE-SUBG2.4.2.02.BSP.instance=PC0
STMicroelectronics.X-CUBE-SUBG2.4.2.02.BSP.ip=GPIO
STMicroelectronics.X-CUBE-SUBG2.4.2.02.BSP.mode=EXTI
STMicroelectronics.X-CUBE-SUBG2.4.2.02.BSP.name=S2915A1_GPIO
STMicroelectronics.X-CUBE-SUBG2.4.2.02.BSP.semaphore=
STMicroelectronics.X-CUBE-SUBG2.4.2.02.BSP.solution=PC0
STMicroelectronics.X-CUBE-SUBG2.4.2.03.BSP.STBoard=false
STMicroelectronics.X-CUBE-SUBG2.4.2.03.BSP.api=Unknown
STMicroelectronics.X-CUBE-SUBG2.4.2.03.BSP.component=
STMicroelectronics.X-CUBE-SUBG2.4.2.03.BSP.condition=SEMBoardOoExtensionJjS2915A1
STMicroelectronics.X-CUBE-SUBG2.4.2.03.BSP.i2caddr=0
STMicroelectronics.X-CUBE-SUBG2.4.2.03.BSP.i2creg=
STMicroelectronics.X-CUBE-SUBG2.4.2.03.BSP.instance=PA8
STMicroelectronics.X-CUBE-SUBG2.4.2.03.BSP.ip=GPIO
STMicroelectronics.X-CUBE-SUBG2.4.2.03.BSP.mode=Output
STMicroelectronics.X-CUBE-SUBG2.4.2.03.BSP.name=S2915A1_SDN
STMicroelectronics.X-CUBE-SUBG2.4.2.03.BSP.semaphore=
STMicroelectronics.X-CUBE-SUBG2.4.2.03.BSP.solution=PA8
STMicroelectronics.X-CUBE-SUBG2.4.2.04.BSP.STBoard=false
STMicroelectronics.X-CUBE-SUBG2.4.2.04.BSP.api=BSP_BUS_DRIVER
STMicroelectronics.X-CUBE-SUBG2.4.2.04.BSP.component=
STMicroelectronics.X-CUBE-SUBG2.4.2.04.BSP.condition=SEMBoardOoExtensionJjS2915A1
STMicroelectronics.X-CUBE-SUBG2.4.2.04.BSP.i2caddr=0
STMicroelectronics.X-CUBE-SUBG2.4.2.04.BSP.i2creg=
STMicroelectronics.X-CUBE-SUBG2.4.2.04.BSP.instance=SPI1
STMicroelectronics.X-CUBE-SUBG2.4.2.04.BSP.ip=SPI
STMicroelectronics.X-CUBE-SUBG2.4.2.04.BSP.mode=Full-Duplex Master
STMicroelectronics.X-CUBE-SUBG2.4.2.04.BSP.name=S2915A1 BUS IO driver
STMicroelectronics.X-CUBE-SUBG2.4.2.04.BSP.semaphore=
STMicroelectronics.X-CUBE-SUBG2.4.2.04.BSP.solution=SPI1
STMicroelectronics.X-CUBE-SUBG2.4.2.05.BSP.STBoard=false
STMicroelectronics.X-CUBE-SUBG2.4.2.05.BSP.api=BSP_COMMON_DRIVER
STMicroelectronics.X-CUBE-SUBG2.4.2.05.BSP.component=
STMicroelectronics.X-CUBE-SUBG2.4.2.05.BSP.condition=(SEMApplicationCcDeviceJjApplicationJjS2868A1IiP2P | SEMApplicationCcDeviceJjApplicationJjS2868A2IiP2P | SEMApplicationCcDeviceJjApplicationJjS2915A1IiP2P) & \! SEMNetworkJjContikiAaNGIiSTM32IiLibraryJjCoreIidevIibuttons
STMicroelectronics.X-CUBE-SUBG2.4.2.05.BSP.i2caddr=0
STMicroelectronics.X-CUBE-SUBG2.4.2.05.BSP.i2creg=
STMicroelectronics.X-CUBE-SUBG2.4.2.05.BSP.instance=PC13
STMicroelectronics.X-CUBE-SUBG2.4.2.05.BSP.ip=GPIO
STMicroelectronics.X-CUBE-SUBG2.4.2.05.BSP.mode=EXTI
STMicroelectronics.X-CUBE-SUBG2.4.2.05.BSP.name=BSP BUTTON
STMicroelectronics.X-CUBE-SUBG2.4.2.05.BSP.semaphore=
STMicroelectronics.X-CUBE-SUBG2.4.2.05.BSP.solution=PC13
STMicroelectronics.X-CUBE-SUBG2.4.2.06.BSP.STBoard=false
STMicroelectronics.X-CUBE-SUBG2.4.2.06.BSP.api=Unknown
STMicroelectronics.X-CUBE-SUBG2.4.2.06.BSP.component=
STMicroelectronics.X-CUBE-SUBG2.4.2.06.BSP.condition=SEMBoardOoExtensionJjS2915A1
STMicroelectronics.X-CUBE-SUBG2.4.2.06.BSP.i2caddr=0
STMicroelectronics.X-CUBE-SUBG2.4.2.06.BSP.i2creg=
STMicroelectronics.X-CUBE-SUBG2.4.2.06.BSP.instance=PA4
STMicroelectronics.X-CUBE-SUBG2.4.2.06.BSP.ip=GPIO
STMicroelectronics.X-CUBE-SUBG2.4.2.06.BSP.mode=Output
STMicroelectronics.X-CUBE-SUBG2.4.2.06.BSP.name=S2915A1_PA_CPS
STMicroelectronics.X-CUBE-SUBG2.4.2.06.BSP.semaphore=
STMicroelectronics.X-CUBE-SUBG2.4.2.06.BSP.solution=PA4
STMicroelectronics.X-CUBE-SUBG2.4.2.07.BSP.STBoard=false
STMicroelectronics.X-CUBE-SUBG2.4.2.07.BSP.api=BSP_COMMON_DRIVER
STMicroelectronics.X-CUBE-SUBG2.4.2.07.BSP.component=
STMicroelectronics.X-CUBE-SUBG2.4.2.07.BSP.condition=(SEMApplicationCcDeviceJjApplicationJjS2868A1IiP2P | SEMApplicationCcDeviceJjApplicationJjS2868A2IiP2P | SEMApplicationCcDeviceJjApplicationJjS2915A1IiP2P) & \! SEMNetworkJjContikiAaNGIiSTM32IiLibraryJjCoreIidevIileds
STMicroelectronics.X-CUBE-SUBG2.4.2.07.BSP.i2caddr=0
STMicroelectronics.X-CUBE-SUBG2.4.2.07.BSP.i2creg=
STMicroelectronics.X-CUBE-SUBG2.4.2.07.BSP.instance=PA5
STMicroelectronics.X-CUBE-SUBG2.4.2.07.BSP.ip=GPIO
STMicroelectronics.X-CUBE-SUBG2.4.2.07.BSP.mode=Output
STMicroelectronics.X-CUBE-SUBG2.4.2.07.BSP.name=BSP LED
STMicroelectronics.X-CUBE-SUBG2.4.2.07.BSP.semaphore=
STMicroelectronics.X-CUBE-SUBG2.4.2.07.BSP.solution=PA5
STMicroelectronics.X-CUBE-SUBG2.4.2.08.BSP.STBoard=false
STMicroelectronics.X-CUBE-SUBG2.4.2.08.BSP.api=Unknown
STMicroelectronics.X-CUBE-SUBG2.4.2.08.BSP.component=
STMicroelectronics.X-CUBE-SUBG2.4.2.08.BSP.condition=SEMBoardOoExtensionJjS2915A1
STMicroelectronics.X-CUBE-SUBG2.4.2.08.BSP.i2caddr=0
STMicroelectronics.X-CUBE-SUBG2.4.2.08.BSP.i2creg=
STMicroelectronics.X-CUBE-SUBG2.4.2.08.BSP.instance=PA1
STMicroelectronics.X-CUBE-SUBG2.4.2.08.BSP.ip=GPIO
STMicroelectronics.X-CUBE-SUBG2.4.2.08.BSP.mode=Output
STMicroelectronics.X-CUBE-SUBG2.4.2.08.BSP.name=S2915A1_S2LP_CS
STMicroelectronics.X-CUBE-SUBG2.4.2.08.BSP.semaphore=
STMicroelectronics.X-CUBE-SUBG2.4.2.08.BSP.solution=PA1
STMicroelectronics.X-CUBE-SUBG2.4.2.09.BSP.STBoard=false
STMicroelectronics.X-CUBE-SUBG2.4.2.09.BSP.api=Unknown
STMicroelectronics.X-CUBE-SUBG2.4.2.09.BSP.component=
STMicroelectronics.X-CUBE-SUBG2.4.2.09.BSP.condition=SEMBoardOoExtensionJjS2915A1
STMicroelectronics.X-CUBE-SUBG2.4.2.09.BSP.i2caddr=0
STMicroelectronics.X-CUBE-SUBG2.4.2.09.BSP.i2creg=
STMicroelectronics.X-CUBE-SUBG2.4.2.09.BSP.instance=PB0
STMicroelectronics.X-CUBE-SUBG2.4.2.09.BSP.ip=GPIO
STMicroelectronics.X-CUBE-SUBG2.4.2.09.BSP.mode=Output
STMicroelectronics.X-CUBE-SUBG2.4.2.09.BSP.name=S2915A1_PA_CTX
STMicroelectronics.X-CUBE-SUBG2.4.2.09.BSP.semaphore=
STMicroelectronics.X-CUBE-SUBG2.4.2.09.BSP.solution=PB0
STMicroelectronics.X-CUBE-SUBG2.4.2.0_SwParameter=ApplicationCcDeviceJjApplication\:S2915A1IiP2P;BoardOoExtensionJjS2915A1\:true;
VP_STMicroelectronics.X-CUBE-SUBG2_VS_BoardOoExtensionJjS2915A1_4.0.0_4.2.0.Mode=BoardOoExtensionJjS2915A1
VP_STMicroelectronics.X-CUBE-SUBG2_VS_BoardOoExtensionJjS2915A1_4.0.0_4.2.0.Signal=STMicroelectronics.X-CUBE-SUBG2_VS_BoardOoExtensionJjS2915A1_4.0.0_4.2.0
VP_STMicroelectronics.X-CUBE-SUBG2_VS_DeviceJjApplication_4.2.0_4.2.0.Mode=DeviceJjApplication
VP_STMicroelectronics.X-CUBE-SUBG2_VS_DeviceJjApplication_4.2.0_4.2.0.Signal=STMicroelectronics.X-CUBE-SUBG2_VS_DeviceJjApplication_4.2.0_4.2.0
VP_SYS_VS_Systick.Mode=SysTick
VP_SYS_VS_Systick.Signal=SYS_VS_Systick
board=NUCLEO-L053R8
boardIOC=true
